
Microsoft Visual Studio Solution File, Format Version 12.00
# Visual Studio Version 17
VisualStudioVersion = 17.8.34309.116
MinimumVisualStudioVersion = 10.0.40219.1
Project("{FAE04EC0-301F-11D3-BF4B-00C04F79EFBC}") = "Labb1_LINQ", "Labb1_LINQ\Labb1_LINQ.csproj", "{66B67856-A087-4F0D-B82F-447D5DF39884}"
EndProject
Global
	GlobalSection(SolutionConfigurationPlatforms) = preSolution
		Debug|Any CPU = Debug|Any CPU
		Release|Any CPU = Release|Any CPU
	EndGlobalSection
	GlobalSection(ProjectConfigurationPlatforms) = postSolution
		{66B67856-A087-4F0D-B82F-447D5DF39884}.Debug|Any CPU.ActiveCfg = Debug|Any CPU
		{66B67856-A087-4F0D-B82F-447D5DF39884}.Debug|Any CPU.Build.0 = Debug|Any CPU
		{66B67856-A087-4F0D-B82F-447D5DF39884}.Release|Any CPU.ActiveCfg = Release|Any CPU
		{66B67856-A087-4F0D-B82F-447D5DF39884}.Release|Any CPU.Build.0 = Release|Any CPU
	EndGlobalSection
	GlobalSection(SolutionProperties) = preSolution
		HideSolutionNode = FALSE
	EndGlobalSection
	GlobalSection(ExtensibilityGlobals) = postSolution
		SolutionGuid = {9028A6E9-B78C-4072-83AC-53216407202E}
	EndGlobalSection
EndGlobal
